// !$*UTF8*$!
{
	archiveVersion = 1;
	classes = {
	};
	objectVersion = 50;
	objects = {

/* Begin PBXBuildFile section */
		AD29A0CC254AD8F70048DCC2 /* SDImageHEICCoder.m in Sources */ = {isa = PBXBuildFile; fileRef = AD29A036254AD8F70048DCC2 /* SDImageHEICCoder.m */; };
		AD29A0CD254AD8F70048DCC2 /* NSImage+Compatibility.m in Sources */ = {isa = PBXBuildFile; fileRef = AD29A038254AD8F70048DCC2 /* NSImage+Compatibility.m */; };
		AD29A0CE254AD8F70048DCC2 /* SDAnimatedImageView+WebCache.m in Sources */ = {isa = PBXBuildFile; fileRef = AD29A03A254AD8F70048DCC2 /* SDAnimatedImageView+WebCache.m */; };
		AD29A0CF254AD8F70048DCC2 /* SDImageCoder.m in Sources */ = {isa = PBXBuildFile; fileRef = AD29A03C254AD8F70048DCC2 /* SDImageCoder.m */; };
		AD29A0D0254AD8F70048DCC2 /* SDWebImageDownloaderDecryptor.m in Sources */ = {isa = PBXBuildFile; fileRef = AD29A041254AD8F70048DCC2 /* SDWebImageDownloaderDecryptor.m */; };
		AD29A0D1254AD8F70048DCC2 /* SDWebImageManager.m in Sources */ = {isa = PBXBuildFile; fileRef = AD29A045254AD8F70048DCC2 /* SDWebImageManager.m */; };
		AD29A0D2254AD8F70048DCC2 /* SDImageIOAnimatedCoder.m in Sources */ = {isa = PBXBuildFile; fileRef = AD29A047254AD8F70048DCC2 /* SDImageIOAnimatedCoder.m */; };
		AD29A0D3254AD8F70048DCC2 /* UIImageView+HighlightedWebCache.m in Sources */ = {isa = PBXBuildFile; fileRef = AD29A049254AD8F70048DCC2 /* UIImageView+HighlightedWebCache.m */; };
		AD29A0D4254AD8F70048DCC2 /* SDAnimatedImage.m in Sources */ = {isa = PBXBuildFile; fileRef = AD29A04E254AD8F70048DCC2 /* SDAnimatedImage.m */; };
		AD29A0D5254AD8F70048DCC2 /* SDAnimatedImageView.m in Sources */ = {isa = PBXBuildFile; fileRef = AD29A04F254AD8F70048DCC2 /* SDAnimatedImageView.m */; };
		AD29A0D6254AD8F70048DCC2 /* UIImage+ForceDecode.m in Sources */ = {isa = PBXBuildFile; fileRef = AD29A050254AD8F70048DCC2 /* UIImage+ForceDecode.m */; };
		AD29A0D7254AD8F70048DCC2 /* SDAnimatedImagePlayer.m in Sources */ = {isa = PBXBuildFile; fileRef = AD29A053254AD8F70048DCC2 /* SDAnimatedImagePlayer.m */; };
		AD29A0D8254AD8F70048DCC2 /* UIImage+Transform.m in Sources */ = {isa = PBXBuildFile; fileRef = AD29A054254AD8F70048DCC2 /* UIImage+Transform.m */; };
		AD29A0D9254AD8F70048DCC2 /* SDWebImageDownloader.m in Sources */ = {isa = PBXBuildFile; fileRef = AD29A056254AD8F70048DCC2 /* SDWebImageDownloader.m */; };
		AD29A0DA254AD8F70048DCC2 /* SDImageLoader.m in Sources */ = {isa = PBXBuildFile; fileRef = AD29A058254AD8F70048DCC2 /* SDImageLoader.m */; };
		AD29A0DB254AD8F70048DCC2 /* SDWebImageCacheSerializer.m in Sources */ = {isa = PBXBuildFile; fileRef = AD29A059254AD8F70048DCC2 /* SDWebImageCacheSerializer.m */; };
		AD29A0DC254AD8F70048DCC2 /* SDWebImageIndicator.m in Sources */ = {isa = PBXBuildFile; fileRef = AD29A05A254AD8F70048DCC2 /* SDWebImageIndicator.m */; };
		AD29A0DD254AD8F70048DCC2 /* SDGraphicsImageRenderer.m in Sources */ = {isa = PBXBuildFile; fileRef = AD29A05B254AD8F70048DCC2 /* SDGraphicsImageRenderer.m */; };
		AD29A0DE254AD8F70048DCC2 /* UIImage+GIF.m in Sources */ = {isa = PBXBuildFile; fileRef = AD29A05C254AD8F70048DCC2 /* UIImage+GIF.m */; };
		AD29A0DF254AD8F70048DCC2 /* SDImageCodersManager.m in Sources */ = {isa = PBXBuildFile; fileRef = AD29A05D254AD8F70048DCC2 /* SDImageCodersManager.m */; };
		AD29A0E0254AD8F70048DCC2 /* UIImage+MultiFormat.m in Sources */ = {isa = PBXBuildFile; fileRef = AD29A060254AD8F70048DCC2 /* UIImage+MultiFormat.m */; };
		AD29A0E1254AD8F70048DCC2 /* SDMemoryCache.m in Sources */ = {isa = PBXBuildFile; fileRef = AD29A061254AD8F70048DCC2 /* SDMemoryCache.m */; };
		AD29A0E2254AD8F70048DCC2 /* SDWebImageCompat.m in Sources */ = {isa = PBXBuildFile; fileRef = AD29A063254AD8F70048DCC2 /* SDWebImageCompat.m */; };
		AD29A0E3254AD8F70048DCC2 /* SDImageAPNGCoder.m in Sources */ = {isa = PBXBuildFile; fileRef = AD29A064254AD8F70048DCC2 /* SDImageAPNGCoder.m */; };
		AD29A0E4254AD8F70048DCC2 /* SDWebImageDownloaderResponseModifier.m in Sources */ = {isa = PBXBuildFile; fileRef = AD29A065254AD8F70048DCC2 /* SDWebImageDownloaderResponseModifier.m */; };
		AD29A0E5254AD8F70048DCC2 /* SDWebImageError.m in Sources */ = {isa = PBXBuildFile; fileRef = AD29A066254AD8F70048DCC2 /* SDWebImageError.m */; };
		AD29A0E6254AD8F70048DCC2 /* SDWebImagePrefetcher.m in Sources */ = {isa = PBXBuildFile; fileRef = AD29A067254AD8F70048DCC2 /* SDWebImagePrefetcher.m */; };
		AD29A0E7254AD8F70048DCC2 /* SDImageCoderHelper.m in Sources */ = {isa = PBXBuildFile; fileRef = AD29A068254AD8F70048DCC2 /* SDImageCoderHelper.m */; };
		AD29A0E8254AD8F70048DCC2 /* NSButton+WebCache.m in Sources */ = {isa = PBXBuildFile; fileRef = AD29A06D254AD8F70048DCC2 /* NSButton+WebCache.m */; };
		AD29A0E9254AD8F70048DCC2 /* SDImageIOCoder.m in Sources */ = {isa = PBXBuildFile; fileRef = AD29A06F254AD8F70048DCC2 /* SDImageIOCoder.m */; };
		AD29A0EA254AD8F70048DCC2 /* SDDiskCache.m in Sources */ = {isa = PBXBuildFile; fileRef = AD29A071254AD8F70048DCC2 /* SDDiskCache.m */; };
		AD29A0EB254AD8F70048DCC2 /* SDAnimatedImageRep.m in Sources */ = {isa = PBXBuildFile; fileRef = AD29A073254AD8F70048DCC2 /* SDAnimatedImageRep.m */; };
		AD29A0EC254AD8F70048DCC2 /* UIImage+ExtendedCacheData.m in Sources */ = {isa = PBXBuildFile; fileRef = AD29A075254AD8F70048DCC2 /* UIImage+ExtendedCacheData.m */; };
		AD29A0ED254AD8F70048DCC2 /* SDWebImageDownloaderConfig.m in Sources */ = {isa = PBXBuildFile; fileRef = AD29A077254AD8F70048DCC2 /* SDWebImageDownloaderConfig.m */; };
		AD29A0EE254AD8F70048DCC2 /* SDImageCache.m in Sources */ = {isa = PBXBuildFile; fileRef = AD29A079254AD8F70048DCC2 /* SDImageCache.m */; };
		AD29A0EF254AD8F70048DCC2 /* SDImageGIFCoder.m in Sources */ = {isa = PBXBuildFile; fileRef = AD29A07A254AD8F70048DCC2 /* SDImageGIFCoder.m */; };
		AD29A0F0254AD8F70048DCC2 /* SDImageFrame.m in Sources */ = {isa = PBXBuildFile; fileRef = AD29A07C254AD8F70048DCC2 /* SDImageFrame.m */; };
		AD29A0F1254AD8F70048DCC2 /* SDWebImageDownloaderOperation.m in Sources */ = {isa = PBXBuildFile; fileRef = AD29A07D254AD8F70048DCC2 /* SDWebImageDownloaderOperation.m */; };
		AD29A0F2254AD8F70048DCC2 /* SDImageLoadersManager.m in Sources */ = {isa = PBXBuildFile; fileRef = AD29A07F254AD8F70048DCC2 /* SDImageLoadersManager.m */; };
		AD29A0F3254AD8F70048DCC2 /* SDImageCachesManager.m in Sources */ = {isa = PBXBuildFile; fileRef = AD29A080254AD8F70048DCC2 /* SDImageCachesManager.m */; };
		AD29A0F4254AD8F70048DCC2 /* SDWebImageTransition.m in Sources */ = {isa = PBXBuildFile; fileRef = AD29A081254AD8F70048DCC2 /* SDWebImageTransition.m */; };
		AD29A0F5254AD8F70048DCC2 /* SDImageTransformer.m in Sources */ = {isa = PBXBuildFile; fileRef = AD29A083254AD8F70048DCC2 /* SDImageTransformer.m */; };
		AD29A0F6254AD8F70048DCC2 /* NSData+ImageContentType.m in Sources */ = {isa = PBXBuildFile; fileRef = AD29A084254AD8F70048DCC2 /* NSData+ImageContentType.m */; };
		AD29A0F7254AD8F70048DCC2 /* UIImageView+WebCache.m in Sources */ = {isa = PBXBuildFile; fileRef = AD29A085254AD8F70048DCC2 /* UIImageView+WebCache.m */; };
		AD29A0F8254AD8F70048DCC2 /* SDImageGraphics.m in Sources */ = {isa = PBXBuildFile; fileRef = AD29A088254AD8F70048DCC2 /* SDImageGraphics.m */; };
		AD29A0F9254AD8F70048DCC2 /* SDImageCacheDefine.m in Sources */ = {isa = PBXBuildFile; fileRef = AD29A08D254AD8F70048DCC2 /* SDImageCacheDefine.m */; };
		AD29A0FA254AD8F70048DCC2 /* UIImage+MemoryCacheCost.m in Sources */ = {isa = PBXBuildFile; fileRef = AD29A08F254AD8F70048DCC2 /* UIImage+MemoryCacheCost.m */; };
		AD29A0FB254AD8F70048DCC2 /* SDImageCacheConfig.m in Sources */ = {isa = PBXBuildFile; fileRef = AD29A092254AD8F70048DCC2 /* SDImageCacheConfig.m */; };
		AD29A0FC254AD8F70048DCC2 /* SDWebImageCacheKeyFilter.m in Sources */ = {isa = PBXBuildFile; fileRef = AD29A093254AD8F70048DCC2 /* SDWebImageCacheKeyFilter.m */; };
		AD29A0FD254AD8F70048DCC2 /* SDWebImageDefine.m in Sources */ = {isa = PBXBuildFile; fileRef = AD29A095254AD8F70048DCC2 /* SDWebImageDefine.m */; };
		AD29A0FE254AD8F70048DCC2 /* SDWebImageOptionsProcessor.m in Sources */ = {isa = PBXBuildFile; fileRef = AD29A097254AD8F70048DCC2 /* SDWebImageOptionsProcessor.m */; };
		AD29A0FF254AD8F70048DCC2 /* UIView+WebCacheOperation.m in Sources */ = {isa = PBXBuildFile; fileRef = AD29A098254AD8F70048DCC2 /* UIView+WebCacheOperation.m */; };
		AD29A100254AD8F70048DCC2 /* UIView+WebCache.m in Sources */ = {isa = PBXBuildFile; fileRef = AD29A099254AD8F70048DCC2 /* UIView+WebCache.m */; };
		AD29A101254AD8F70048DCC2 /* UIImage+Metadata.m in Sources */ = {isa = PBXBuildFile; fileRef = AD29A0A0254AD8F70048DCC2 /* UIImage+Metadata.m */; };
		AD29A102254AD8F70048DCC2 /* UIButton+WebCache.m in Sources */ = {isa = PBXBuildFile; fileRef = AD29A0A2254AD8F70048DCC2 /* UIButton+WebCache.m */; };
		AD29A103254AD8F70048DCC2 /* SDWebImageDownloaderRequestModifier.m in Sources */ = {isa = PBXBuildFile; fileRef = AD29A0A3254AD8F70048DCC2 /* SDWebImageDownloaderRequestModifier.m */; };
		AD29A104254AD8F70048DCC2 /* FLAnimatedImage.m in Sources */ = {isa = PBXBuildFile; fileRef = AD29A0A8254AD8F70048DCC2 /* FLAnimatedImage.m */; };
		AD29A105254AD8F80048DCC2 /* FLAnimatedImageView.m in Sources */ = {isa = PBXBuildFile; fileRef = AD29A0A9254AD8F70048DCC2 /* FLAnimatedImageView.m */; };
		AD29A106254AD8F80048DCC2 /* SDImageCachesManagerOperation.m in Sources */ = {isa = PBXBuildFile; fileRef = AD29A0B0254AD8F70048DCC2 /* SDImageCachesManagerOperation.m */; };
		AD29A107254AD8F80048DCC2 /* SDImageAssetManager.m in Sources */ = {isa = PBXBuildFile; fileRef = AD29A0B4254AD8F70048DCC2 /* SDImageAssetManager.m */; };
		AD29A108254AD8F80048DCC2 /* SDDeviceHelper.m in Sources */ = {isa = PBXBuildFile; fileRef = AD29A0BC254AD8F70048DCC2 /* SDDeviceHelper.m */; };
		AD29A109254AD8F80048DCC2 /* SDWeakProxy.m in Sources */ = {isa = PBXBuildFile; fileRef = AD29A0BD254AD8F70048DCC2 /* SDWeakProxy.m */; };
		AD29A10A254AD8F80048DCC2 /* SDInternalMacros.m in Sources */ = {isa = PBXBuildFile; fileRef = AD29A0BE254AD8F70048DCC2 /* SDInternalMacros.m */; };
		AD29A10B254AD8F80048DCC2 /* SDFileAttributeHelper.m in Sources */ = {isa = PBXBuildFile; fileRef = AD29A0BF254AD8F70048DCC2 /* SDFileAttributeHelper.m */; };
		AD29A10C254AD8F80048DCC2 /* SDDisplayLink.m in Sources */ = {isa = PBXBuildFile; fileRef = AD29A0C1254AD8F70048DCC2 /* SDDisplayLink.m */; };
		AD29A10D254AD8F80048DCC2 /* SDAsyncBlockOperation.m in Sources */ = {isa = PBXBuildFile; fileRef = AD29A0C3254AD8F70048DCC2 /* SDAsyncBlockOperation.m */; };
		AD29A10E254AD8F80048DCC2 /* NSBezierPath+RoundedCorners.m in Sources */ = {isa = PBXBuildFile; fileRef = AD29A0C4254AD8F70048DCC2 /* NSBezierPath+RoundedCorners.m */; };
		AD29A10F254AD8F80048DCC2 /* UIColor+HexString.m in Sources */ = {isa = PBXBuildFile; fileRef = AD29A0C5254AD8F70048DCC2 /* UIColor+HexString.m */; };
		AD29A110254AD8F80048DCC2 /* SDAssociatedObject.m in Sources */ = {isa = PBXBuildFile; fileRef = AD29A0C6254AD8F70048DCC2 /* SDAssociatedObject.m */; };
		AD29A111254AD8F80048DCC2 /* FLAnimatedImageView+WebCache.m in Sources */ = {isa = PBXBuildFile; fileRef = AD29A0C8254AD8F70048DCC2 /* FLAnimatedImageView+WebCache.m */; };
		AD29A112254AD8F80048DCC2 /* SDFLAnimatedImage.m in Sources */ = {isa = PBXBuildFile; fileRef = AD29A0CB254AD8F70048DCC2 /* SDFLAnimatedImage.m */; };
		ADC98A262510CF3F00564683 /* AppDelegate.m in Sources */ = {isa = PBXBuildFile; fileRef = ADC98A252510CF3F00564683 /* AppDelegate.m */; };
		ADC98A2C2510CF3F00564683 /* ViewController.m in Sources */ = {isa = PBXBuildFile; fileRef = ADC98A2B2510CF3F00564683 /* ViewController.m */; };
		ADC98A2F2510CF3F00564683 /* Main.storyboard in Resources */ = {isa = PBXBuildFile; fileRef = ADC98A2D2510CF3F00564683 /* Main.storyboard */; };
		ADC98A312510CF4200564683 /* Assets.xcassets in Resources */ = {isa = PBXBuildFile; fileRef = ADC98A302510CF4200564683 /* Assets.xcassets */; };
		ADC98A342510CF4300564683 /* LaunchScreen.storyboard in Resources */ = {isa = PBXBuildFile; fileRef = ADC98A322510CF4300564683 /* LaunchScreen.storyboard */; };
		ADC98A372510CF4300564683 /* main.m in Sources */ = {isa = PBXBuildFile; fileRef = ADC98A362510CF4300564683 /* main.m */; };
		ADC98A4C2510CF6000564683 /* AFURLResponseSerialization.m in Sources */ = {isa = PBXBuildFile; fileRef = ADC98A422510CF6000564683 /* AFURLResponseSerialization.m */; };
		ADC98A4D2510CF6000564683 /* AFHTTPSessionManager.m in Sources */ = {isa = PBXBuildFile; fileRef = ADC98A432510CF6000564683 /* AFHTTPSessionManager.m */; };
		ADC98A4E2510CF6000564683 /* AFURLSessionManager.m in Sources */ = {isa = PBXBuildFile; fileRef = ADC98A452510CF6000564683 /* AFURLSessionManager.m */; };
		ADC98A4F2510CF6000564683 /* AFURLRequestSerialization.m in Sources */ = {isa = PBXBuildFile; fileRef = ADC98A462510CF6000564683 /* AFURLRequestSerialization.m */; };
		ADC98A502510CF6000564683 /* AFNetworkReachabilityManager.m in Sources */ = {isa = PBXBuildFile; fileRef = ADC98A482510CF6000564683 /* AFNetworkReachabilityManager.m */; };
		ADC98A512510CF6000564683 /* AFSecurityPolicy.m in Sources */ = {isa = PBXBuildFile; fileRef = ADC98A492510CF6000564683 /* AFSecurityPolicy.m */; };
/* End PBXBuildFile section */

/* Begin PBXFileReference section */
		AD29A035254AD8F70048DCC2 /* UIImage+ExtendedCacheData.h */ = {isa = PBXFileReference; fileEncoding = 4; lastKnownFileType = sourcecode.c.h; path = "UIImage+ExtendedCacheData.h"; sourceTree = "<group>"; };
		AD29A036254AD8F70048DCC2 /* SDImageHEICCoder.m */ = {isa = PBXFileReference; fileEncoding = 4; lastKnownFileType = sourcecode.c.objc; path = SDImageHEICCoder.m; sourceTree = "<group>"; };
		AD29A037254AD8F70048DCC2 /* SDAnimatedImageRep.h */ = {isa = PBXFileReference; fileEncoding = 4; lastKnownFileType = sourcecode.c.h; path = SDAnimatedImageRep.h; sourceTree = "<group>"; };
		AD29A038254AD8F70048DCC2 /* NSImage+Compatibility.m */ = {isa = PBXFileReference; fileEncoding = 4; lastKnownFileType = sourcecode.c.objc; path = "NSImage+Compatibility.m"; sourceTree = "<group>"; };
		AD29A039254AD8F70048DCC2 /* SDDiskCache.h */ = {isa = PBXFileReference; fileEncoding = 4; lastKnownFileType = sourcecode.c.h; path = SDDiskCache.h; sourceTree = "<group>"; };
		AD29A03A254AD8F70048DCC2 /* SDAnimatedImageView+WebCache.m */ = {isa = PBXFileReference; fileEncoding = 4; lastKnownFileType = sourcecode.c.objc; path = "SDAnimatedImageView+WebCache.m"; sourceTree = "<group>"; };
		AD29A03B254AD8F70048DCC2 /* SDImageIOCoder.h */ = {isa = PBXFileReference; fileEncoding = 4; lastKnownFileType = sourcecode.c.h; path = SDImageIOCoder.h; sourceTree = "<group>"; };
		AD29A03C254AD8F70048DCC2 /* SDImageCoder.m */ = {isa = PBXFileReference; fileEncoding = 4; lastKnownFileType = sourcecode.c.objc; path = SDImageCoder.m; sourceTree = "<group>"; };
		AD29A03D254AD8F70048DCC2 /* NSButton+WebCache.h */ = {isa = PBXFileReference; fileEncoding = 4; lastKnownFileType = sourcecode.c.h; path = "NSButton+WebCache.h"; sourceTree = "<group>"; };
		AD29A03E254AD8F70048DCC2 /* SDImageGraphics.h */ = {isa = PBXFileReference; fileEncoding = 4; lastKnownFileType = sourcecode.c.h; path = SDImageGraphics.h; sourceTree = "<group>"; };
		AD29A03F254AD8F70048DCC2 /* UIImageView+WebCache.h */ = {isa = PBXFileReference; fileEncoding = 4; lastKnownFileType = sourcecode.c.h; path = "UIImageView+WebCache.h"; sourceTree = "<group>"; };
		AD29A040254AD8F70048DCC2 /* NSData+ImageContentType.h */ = {isa = PBXFileReference; fileEncoding = 4; lastKnownFileType = sourcecode.c.h; path = "NSData+ImageContentType.h"; sourceTree = "<group>"; };
		AD29A041254AD8F70048DCC2 /* SDWebImageDownloaderDecryptor.m */ = {isa = PBXFileReference; fileEncoding = 4; lastKnownFileType = sourcecode.c.objc; path = SDWebImageDownloaderDecryptor.m; sourceTree = "<group>"; };
		AD29A042254AD8F70048DCC2 /* SDImageTransformer.h */ = {isa = PBXFileReference; fileEncoding = 4; lastKnownFileType = sourcecode.c.h; path = SDImageTransformer.h; sourceTree = "<group>"; };
		AD29A043254AD8F70048DCC2 /* SDImageCachesManager.h */ = {isa = PBXFileReference; fileEncoding = 4; lastKnownFileType = sourcecode.c.h; path = SDImageCachesManager.h; sourceTree = "<group>"; };
		AD29A044254AD8F70048DCC2 /* SDWebImageTransition.h */ = {isa = PBXFileReference; fileEncoding = 4; lastKnownFileType = sourcecode.c.h; path = SDWebImageTransition.h; sourceTree = "<group>"; };
		AD29A045254AD8F70048DCC2 /* SDWebImageManager.m */ = {isa = PBXFileReference; fileEncoding = 4; lastKnownFileType = sourcecode.c.objc; path = SDWebImageManager.m; sourceTree = "<group>"; };
		AD29A046254AD8F70048DCC2 /* SDImageLoadersManager.h */ = {isa = PBXFileReference; fileEncoding = 4; lastKnownFileType = sourcecode.c.h; path = SDImageLoadersManager.h; sourceTree = "<group>"; };
		AD29A047254AD8F70048DCC2 /* SDImageIOAnimatedCoder.m */ = {isa = PBXFileReference; fileEncoding = 4; lastKnownFileType = sourcecode.c.objc; path = SDImageIOAnimatedCoder.m; sourceTree = "<group>"; };
		AD29A048254AD8F70048DCC2 /* SDWebImageDownloaderOperation.h */ = {isa = PBXFileReference; fileEncoding = 4; lastKnownFileType = sourcecode.c.h; path = SDWebImageDownloaderOperation.h; sourceTree = "<group>"; };
		AD29A049254AD8F70048DCC2 /* UIImageView+HighlightedWebCache.m */ = {isa = PBXFileReference; fileEncoding = 4; lastKnownFileType = sourcecode.c.objc; path = "UIImageView+HighlightedWebCache.m"; sourceTree = "<group>"; };
		AD29A04A254AD8F70048DCC2 /* SDImageFrame.h */ = {isa = PBXFileReference; fileEncoding = 4; lastKnownFileType = sourcecode.c.h; path = SDImageFrame.h; sourceTree = "<group>"; };
		AD29A04B254AD8F70048DCC2 /* SDImageGIFCoder.h */ = {isa = PBXFileReference; fileEncoding = 4; lastKnownFileType = sourcecode.c.h; path = SDImageGIFCoder.h; sourceTree = "<group>"; };
		AD29A04C254AD8F70048DCC2 /* SDImageCache.h */ = {isa = PBXFileReference; fileEncoding = 4; lastKnownFileType = sourcecode.c.h; path = SDImageCache.h; sourceTree = "<group>"; };
		AD29A04D254AD8F70048DCC2 /* SDWebImageDownloaderConfig.h */ = {isa = PBXFileReference; fileEncoding = 4; lastKnownFileType = sourcecode.c.h; path = SDWebImageDownloaderConfig.h; sourceTree = "<group>"; };
		AD29A04E254AD8F70048DCC2 /* SDAnimatedImage.m */ = {isa = PBXFileReference; fileEncoding = 4; lastKnownFileType = sourcecode.c.objc; path = SDAnimatedImage.m; sourceTree = "<group>"; };
		AD29A04F254AD8F70048DCC2 /* SDAnimatedImageView.m */ = {isa = PBXFileReference; fileEncoding = 4; lastKnownFileType = sourcecode.c.objc; path = SDAnimatedImageView.m; sourceTree = "<group>"; };
		AD29A050254AD8F70048DCC2 /* UIImage+ForceDecode.m */ = {isa = PBXFileReference; fileEncoding = 4; lastKnownFileType = sourcecode.c.objc; path = "UIImage+ForceDecode.m"; sourceTree = "<group>"; };
		AD29A051254AD8F70048DCC2 /* SDImageCacheConfig.h */ = {isa = PBXFileReference; fileEncoding = 4; lastKnownFileType = sourcecode.c.h; path = SDImageCacheConfig.h; sourceTree = "<group>"; };
		AD29A052254AD8F70048DCC2 /* SDWebImageCacheKeyFilter.h */ = {isa = PBXFileReference; fileEncoding = 4; lastKnownFileType = sourcecode.c.h; path = SDWebImageCacheKeyFilter.h; sourceTree = "<group>"; };
		AD29A053254AD8F70048DCC2 /* SDAnimatedImagePlayer.m */ = {isa = PBXFileReference; fileEncoding = 4; lastKnownFileType = sourcecode.c.objc; path = SDAnimatedImagePlayer.m; sourceTree = "<group>"; };
		AD29A054254AD8F70048DCC2 /* UIImage+Transform.m */ = {isa = PBXFileReference; fileEncoding = 4; lastKnownFileType = sourcecode.c.objc; path = "UIImage+Transform.m"; sourceTree = "<group>"; };
		AD29A055254AD8F70048DCC2 /* UIImage+MemoryCacheCost.h */ = {isa = PBXFileReference; fileEncoding = 4; lastKnownFileType = sourcecode.c.h; path = "UIImage+MemoryCacheCost.h"; sourceTree = "<group>"; };
		AD29A056254AD8F70048DCC2 /* SDWebImageDownloader.m */ = {isa = PBXFileReference; fileEncoding = 4; lastKnownFileType = sourcecode.c.objc; path = SDWebImageDownloader.m; sourceTree = "<group>"; };
		AD29A057254AD8F70048DCC2 /* SDImageCacheDefine.h */ = {isa = PBXFileReference; fileEncoding = 4; lastKnownFileType = sourcecode.c.h; path = SDImageCacheDefine.h; sourceTree = "<group>"; };
		AD29A058254AD8F70048DCC2 /* SDImageLoader.m */ = {isa = PBXFileReference; fileEncoding = 4; lastKnownFileType = sourcecode.c.objc; path = SDImageLoader.m; sourceTree = "<group>"; };
		AD29A059254AD8F70048DCC2 /* SDWebImageCacheSerializer.m */ = {isa = PBXFileReference; fileEncoding = 4; lastKnownFileType = sourcecode.c.objc; path = SDWebImageCacheSerializer.m; sourceTree = "<group>"; };
		AD29A05A254AD8F70048DCC2 /* SDWebImageIndicator.m */ = {isa = PBXFileReference; fileEncoding = 4; lastKnownFileType = sourcecode.c.objc; path = SDWebImageIndicator.m; sourceTree = "<group>"; };
		AD29A05B254AD8F70048DCC2 /* SDGraphicsImageRenderer.m */ = {isa = PBXFileReference; fileEncoding = 4; lastKnownFileType = sourcecode.c.objc; path = SDGraphicsImageRenderer.m; sourceTree = "<group>"; };
		AD29A05C254AD8F70048DCC2 /* UIImage+GIF.m */ = {isa = PBXFileReference; fileEncoding = 4; lastKnownFileType = sourcecode.c.objc; path = "UIImage+GIF.m"; sourceTree = "<group>"; };
		AD29A05D254AD8F70048DCC2 /* SDImageCodersManager.m */ = {isa = PBXFileReference; fileEncoding = 4; lastKnownFileType = sourcecode.c.objc; path = SDImageCodersManager.m; sourceTree = "<group>"; };
		AD29A05E254AD8F70048DCC2 /* UIButton+WebCache.h */ = {isa = PBXFileReference; fileEncoding = 4; lastKnownFileType = sourcecode.c.h; path = "UIButton+WebCache.h"; sourceTree = "<group>"; };
		AD29A05F254AD8F70048DCC2 /* SDWebImageDownloaderRequestModifier.h */ = {isa = PBXFileReference; fileEncoding = 4; lastKnownFileType = sourcecode.c.h; path = SDWebImageDownloaderRequestModifier.h; sourceTree = "<group>"; };
		AD29A060254AD8F70048DCC2 /* UIImage+MultiFormat.m */ = {isa = PBXFileReference; fileEncoding = 4; lastKnownFileType = sourcecode.c.objc; path = "UIImage+MultiFormat.m"; sourceTree = "<group>"; };
		AD29A061254AD8F70048DCC2 /* SDMemoryCache.m */ = {isa = PBXFileReference; fileEncoding = 4; lastKnownFileType = sourcecode.c.objc; path = SDMemoryCache.m; sourceTree = "<group>"; };
		AD29A062254AD8F70048DCC2 /* UIImage+Metadata.h */ = {isa = PBXFileReference; fileEncoding = 4; lastKnownFileType = sourcecode.c.h; path = "UIImage+Metadata.h"; sourceTree = "<group>"; };
		AD29A063254AD8F70048DCC2 /* SDWebImageCompat.m */ = {isa = PBXFileReference; fileEncoding = 4; lastKnownFileType = sourcecode.c.objc; path = SDWebImageCompat.m; sourceTree = "<group>"; };
		AD29A064254AD8F70048DCC2 /* SDImageAPNGCoder.m */ = {isa = PBXFileReference; fileEncoding = 4; lastKnownFileType = sourcecode.c.objc; path = SDImageAPNGCoder.m; sourceTree = "<group>"; };
		AD29A065254AD8F70048DCC2 /* SDWebImageDownloaderResponseModifier.m */ = {isa = PBXFileReference; fileEncoding = 4; lastKnownFileType = sourcecode.c.objc; path = SDWebImageDownloaderResponseModifier.m; sourceTree = "<group>"; };
		AD29A066254AD8F70048DCC2 /* SDWebImageError.m */ = {isa = PBXFileReference; fileEncoding = 4; lastKnownFileType = sourcecode.c.objc; path = SDWebImageError.m; sourceTree = "<group>"; };
		AD29A067254AD8F70048DCC2 /* SDWebImagePrefetcher.m */ = {isa = PBXFileReference; fileEncoding = 4; lastKnownFileType = sourcecode.c.objc; path = SDWebImagePrefetcher.m; sourceTree = "<group>"; };
		AD29A068254AD8F70048DCC2 /* SDImageCoderHelper.m */ = {isa = PBXFileReference; fileEncoding = 4; lastKnownFileType = sourcecode.c.objc; path = SDImageCoderHelper.m; sourceTree = "<group>"; };
		AD29A069254AD8F70048DCC2 /* SDWebImageOptionsProcessor.h */ = {isa = PBXFileReference; fileEncoding = 4; lastKnownFileType = sourcecode.c.h; path = SDWebImageOptionsProcessor.h; sourceTree = "<group>"; };
		AD29A06A254AD8F70048DCC2 /* UIView+WebCache.h */ = {isa = PBXFileReference; fileEncoding = 4; lastKnownFileType = sourcecode.c.h; path = "UIView+WebCache.h"; sourceTree = "<group>"; };
		AD29A06B254AD8F70048DCC2 /* UIView+WebCacheOperation.h */ = {isa = PBXFileReference; fileEncoding = 4; lastKnownFileType = sourcecode.c.h; path = "UIView+WebCacheOperation.h"; sourceTree = "<group>"; };
		AD29A06C254AD8F70048DCC2 /* SDWebImageDefine.h */ = {isa = PBXFileReference; fileEncoding = 4; lastKnownFileType = sourcecode.c.h; path = SDWebImageDefine.h; sourceTree = "<group>"; };
		AD29A06D254AD8F70048DCC2 /* NSButton+WebCache.m */ = {isa = PBXFileReference; fileEncoding = 4; lastKnownFileType = sourcecode.c.objc; path = "NSButton+WebCache.m"; sourceTree = "<group>"; };
		AD29A06E254AD8F70048DCC2 /* SDImageCoder.h */ = {isa = PBXFileReference; fileEncoding = 4; lastKnownFileType = sourcecode.c.h; path = SDImageCoder.h; sourceTree = "<group>"; };
		AD29A06F254AD8F70048DCC2 /* SDImageIOCoder.m */ = {isa = PBXFileReference; fileEncoding = 4; lastKnownFileType = sourcecode.c.objc; path = SDImageIOCoder.m; sourceTree = "<group>"; };
		AD29A070254AD8F70048DCC2 /* SDAnimatedImageView+WebCache.h */ = {isa = PBXFileReference; fileEncoding = 4; lastKnownFileType = sourcecode.c.h; path = "SDAnimatedImageView+WebCache.h"; sourceTree = "<group>"; };
		AD29A071254AD8F70048DCC2 /* SDDiskCache.m */ = {isa = PBXFileReference; fileEncoding = 4; lastKnownFileType = sourcecode.c.objc; path = SDDiskCache.m; sourceTree = "<group>"; };
		AD29A072254AD8F70048DCC2 /* NSImage+Compatibility.h */ = {isa = PBXFileReference; fileEncoding = 4; lastKnownFileType = sourcecode.c.h; path = "NSImage+Compatibility.h"; sourceTree = "<group>"; };
		AD29A073254AD8F70048DCC2 /* SDAnimatedImageRep.m */ = {isa = PBXFileReference; fileEncoding = 4; lastKnownFileType = sourcecode.c.objc; path = SDAnimatedImageRep.m; sourceTree = "<group>"; };
		AD29A074254AD8F70048DCC2 /* SDImageHEICCoder.h */ = {isa = PBXFileReference; fileEncoding = 4; lastKnownFileType = sourcecode.c.h; path = SDImageHEICCoder.h; sourceTree = "<group>"; };
		AD29A075254AD8F70048DCC2 /* UIImage+ExtendedCacheData.m */ = {isa = PBXFileReference; fileEncoding = 4; lastKnownFileType = sourcecode.c.objc; path = "UIImage+ExtendedCacheData.m"; sourceTree = "<group>"; };
		AD29A076254AD8F70048DCC2 /* SDAnimatedImageView.h */ = {isa = PBXFileReference; fileEncoding = 4; lastKnownFileType = sourcecode.c.h; path = SDAnimatedImageView.h; sourceTree = "<group>"; };
		AD29A077254AD8F70048DCC2 /* SDWebImageDownloaderConfig.m */ = {isa = PBXFileReference; fileEncoding = 4; lastKnownFileType = sourcecode.c.objc; path = SDWebImageDownloaderConfig.m; sourceTree = "<group>"; };
		AD29A078254AD8F70048DCC2 /* SDAnimatedImage.h */ = {isa = PBXFileReference; fileEncoding = 4; lastKnownFileType = sourcecode.c.h; path = SDAnimatedImage.h; sourceTree = "<group>"; };
		AD29A079254AD8F70048DCC2 /* SDImageCache.m */ = {isa = PBXFileReference; fileEncoding = 4; lastKnownFileType = sourcecode.c.objc; path = SDImageCache.m; sourceTree = "<group>"; };
		AD29A07A254AD8F70048DCC2 /* SDImageGIFCoder.m */ = {isa = PBXFileReference; fileEncoding = 4; lastKnownFileType = sourcecode.c.objc; path = SDImageGIFCoder.m; sourceTree = "<group>"; };
		AD29A07B254AD8F70048DCC2 /* UIImageView+HighlightedWebCache.h */ = {isa = PBXFileReference; fileEncoding = 4; lastKnownFileType = sourcecode.c.h; path = "UIImageView+HighlightedWebCache.h"; sourceTree = "<group>"; };
		AD29A07C254AD8F70048DCC2 /* SDImageFrame.m */ = {isa = PBXFileReference; fileEncoding = 4; lastKnownFileType = sourcecode.c.objc; path = SDImageFrame.m; sourceTree = "<group>"; };
		AD29A07D254AD8F70048DCC2 /* SDWebImageDownloaderOperation.m */ = {isa = PBXFileReference; fileEncoding = 4; lastKnownFileType = sourcecode.c.objc; path = SDWebImageDownloaderOperation.m; sourceTree = "<group>"; };
		AD29A07E254AD8F70048DCC2 /* SDImageIOAnimatedCoder.h */ = {isa = PBXFileReference; fileEncoding = 4; lastKnownFileType = sourcecode.c.h; path = SDImageIOAnimatedCoder.h; sourceTree = "<group>"; };
		AD29A07F254AD8F70048DCC2 /* SDImageLoadersManager.m */ = {isa = PBXFileReference; fileEncoding = 4; lastKnownFileType = sourcecode.c.objc; path = SDImageLoadersManager.m; sourceTree = "<group>"; };
		AD29A080254AD8F70048DCC2 /* SDImageCachesManager.m */ = {isa = PBXFileReference; fileEncoding = 4; lastKnownFileType = sourcecode.c.objc; path = SDImageCachesManager.m; sourceTree = "<group>"; };
		AD29A081254AD8F70048DCC2 /* SDWebImageTransition.m */ = {isa = PBXFileReference; fileEncoding = 4; lastKnownFileType = sourcecode.c.objc; path = SDWebImageTransition.m; sourceTree = "<group>"; };
		AD29A082254AD8F70048DCC2 /* SDWebImageManager.h */ = {isa = PBXFileReference; fileEncoding = 4; lastKnownFileType = sourcecode.c.h; path = SDWebImageManager.h; sourceTree = "<group>"; };
		AD29A083254AD8F70048DCC2 /* SDImageTransformer.m */ = {isa = PBXFileReference; fileEncoding = 4; lastKnownFileType = sourcecode.c.objc; path = SDImageTransformer.m; sourceTree = "<group>"; };
		AD29A084254AD8F70048DCC2 /* NSData+ImageContentType.m */ = {isa = PBXFileReference; fileEncoding = 4; lastKnownFileType = sourcecode.c.objc; path = "NSData+ImageContentType.m"; sourceTree = "<group>"; };
		AD29A085254AD8F70048DCC2 /* UIImageView+WebCache.m */ = {isa = PBXFileReference; fileEncoding = 4; lastKnownFileType = sourcecode.c.objc; path = "UIImageView+WebCache.m"; sourceTree = "<group>"; };
		AD29A086254AD8F70048DCC2 /* SDWebImageDownloaderDecryptor.h */ = {isa = PBXFileReference; fileEncoding = 4; lastKnownFileType = sourcecode.c.h; path = SDWebImageDownloaderDecryptor.h; sourceTree = "<group>"; };
		AD29A087254AD8F70048DCC2 /* SDWebImageOperation.h */ = {isa = PBXFileReference; fileEncoding = 4; lastKnownFileType = sourcecode.c.h; path = SDWebImageOperation.h; sourceTree = "<group>"; };
		AD29A088254AD8F70048DCC2 /* SDImageGraphics.m */ = {isa = PBXFileReference; fileEncoding = 4; lastKnownFileType = sourcecode.c.objc; path = SDImageGraphics.m; sourceTree = "<group>"; };
		AD29A089254AD8F70048DCC2 /* SDGraphicsImageRenderer.h */ = {isa = PBXFileReference; fileEncoding = 4; lastKnownFileType = sourcecode.c.h; path = SDGraphicsImageRenderer.h; sourceTree = "<group>"; };
		AD29A08A254AD8F70048DCC2 /* SDWebImageIndicator.h */ = {isa = PBXFileReference; fileEncoding = 4; lastKnownFileType = sourcecode.c.h; path = SDWebImageIndicator.h; sourceTree = "<group>"; };
		AD29A08B254AD8F70048DCC2 /* SDWebImageCacheSerializer.h */ = {isa = PBXFileReference; fileEncoding = 4; lastKnownFileType = sourcecode.c.h; path = SDWebImageCacheSerializer.h; sourceTree = "<group>"; };
		AD29A08C254AD8F70048DCC2 /* SDImageLoader.h */ = {isa = PBXFileReference; fileEncoding = 4; lastKnownFileType = sourcecode.c.h; path = SDImageLoader.h; sourceTree = "<group>"; };
		AD29A08D254AD8F70048DCC2 /* SDImageCacheDefine.m */ = {isa = PBXFileReference; fileEncoding = 4; lastKnownFileType = sourcecode.c.objc; path = SDImageCacheDefine.m; sourceTree = "<group>"; };
		AD29A08E254AD8F70048DCC2 /* SDWebImageDownloader.h */ = {isa = PBXFileReference; fileEncoding = 4; lastKnownFileType = sourcecode.c.h; path = SDWebImageDownloader.h; sourceTree = "<group>"; };
		AD29A08F254AD8F70048DCC2 /* UIImage+MemoryCacheCost.m */ = {isa = PBXFileReference; fileEncoding = 4; lastKnownFileType = sourcecode.c.objc; path = "UIImage+MemoryCacheCost.m"; sourceTree = "<group>"; };
		AD29A090254AD8F70048DCC2 /* UIImage+Transform.h */ = {isa = PBXFileReference; fileEncoding = 4; lastKnownFileType = sourcecode.c.h; path = "UIImage+Transform.h"; sourceTree = "<group>"; };
		AD29A091254AD8F70048DCC2 /* SDAnimatedImagePlayer.h */ = {isa = PBXFileReference; fileEncoding = 4; lastKnownFileType = sourcecode.c.h; path = SDAnimatedImagePlayer.h; sourceTree = "<group>"; };
		AD29A092254AD8F70048DCC2 /* SDImageCacheConfig.m */ = {isa = PBXFileReference; fileEncoding = 4; lastKnownFileType = sourcecode.c.objc; path = SDImageCacheConfig.m; sourceTree = "<group>"; };
		AD29A093254AD8F70048DCC2 /* SDWebImageCacheKeyFilter.m */ = {isa = PBXFileReference; fileEncoding = 4; lastKnownFileType = sourcecode.c.objc; path = SDWebImageCacheKeyFilter.m; sourceTree = "<group>"; };
		AD29A094254AD8F70048DCC2 /* UIImage+ForceDecode.h */ = {isa = PBXFileReference; fileEncoding = 4; lastKnownFileType = sourcecode.c.h; path = "UIImage+ForceDecode.h"; sourceTree = "<group>"; };
		AD29A095254AD8F70048DCC2 /* SDWebImageDefine.m */ = {isa = PBXFileReference; fileEncoding = 4; lastKnownFileType = sourcecode.c.objc; path = SDWebImageDefine.m; sourceTree = "<group>"; };
		AD29A096254AD8F70048DCC2 /* SDImageCoderHelper.h */ = {isa = PBXFileReference; fileEncoding = 4; lastKnownFileType = sourcecode.c.h; path = SDImageCoderHelper.h; sourceTree = "<group>"; };
		AD29A097254AD8F70048DCC2 /* SDWebImageOptionsProcessor.m */ = {isa = PBXFileReference; fileEncoding = 4; lastKnownFileType = sourcecode.c.objc; path = SDWebImageOptionsProcessor.m; sourceTree = "<group>"; };
		AD29A098254AD8F70048DCC2 /* UIView+WebCacheOperation.m */ = {isa = PBXFileReference; fileEncoding = 4; lastKnownFileType = sourcecode.c.objc; path = "UIView+WebCacheOperation.m"; sourceTree = "<group>"; };
		AD29A099254AD8F70048DCC2 /* UIView+WebCache.m */ = {isa = PBXFileReference; fileEncoding = 4; lastKnownFileType = sourcecode.c.objc; path = "UIView+WebCache.m"; sourceTree = "<group>"; };
		AD29A09A254AD8F70048DCC2 /* SDWebImagePrefetcher.h */ = {isa = PBXFileReference; fileEncoding = 4; lastKnownFileType = sourcecode.c.h; path = SDWebImagePrefetcher.h; sourceTree = "<group>"; };
		AD29A09B254AD8F70048DCC2 /* SDWebImageDownloaderResponseModifier.h */ = {isa = PBXFileReference; fileEncoding = 4; lastKnownFileType = sourcecode.c.h; path = SDWebImageDownloaderResponseModifier.h; sourceTree = "<group>"; };
		AD29A09C254AD8F70048DCC2 /* SDImageAPNGCoder.h */ = {isa = PBXFileReference; fileEncoding = 4; lastKnownFileType = sourcecode.c.h; path = SDImageAPNGCoder.h; sourceTree = "<group>"; };
		AD29A09D254AD8F70048DCC2 /* SDWebImageError.h */ = {isa = PBXFileReference; fileEncoding = 4; lastKnownFileType = sourcecode.c.h; path = SDWebImageError.h; sourceTree = "<group>"; };
		AD29A09E254AD8F70048DCC2 /* SDWebImageCompat.h */ = {isa = PBXFileReference; fileEncoding = 4; lastKnownFileType = sourcecode.c.h; path = SDWebImageCompat.h; sourceTree = "<group>"; };
		AD29A09F254AD8F70048DCC2 /* SDMemoryCache.h */ = {isa = PBXFileReference; fileEncoding = 4; lastKnownFileType = sourcecode.c.h; path = SDMemoryCache.h; sourceTree = "<group>"; };
		AD29A0A0254AD8F70048DCC2 /* UIImage+Metadata.m */ = {isa = PBXFileReference; fileEncoding = 4; lastKnownFileType = sourcecode.c.objc; path = "UIImage+Metadata.m"; sourceTree = "<group>"; };
		AD29A0A1254AD8F70048DCC2 /* UIImage+MultiFormat.h */ = {isa = PBXFileReference; fileEncoding = 4; lastKnownFileType = sourcecode.c.h; path = "UIImage+MultiFormat.h"; sourceTree = "<group>"; };
		AD29A0A2254AD8F70048DCC2 /* UIButton+WebCache.m */ = {isa = PBXFileReference; fileEncoding = 4; lastKnownFileType = sourcecode.c.objc; path = "UIButton+WebCache.m"; sourceTree = "<group>"; };
		AD29A0A3254AD8F70048DCC2 /* SDWebImageDownloaderRequestModifier.m */ = {isa = PBXFileReference; fileEncoding = 4; lastKnownFileType = sourcecode.c.objc; path = SDWebImageDownloaderRequestModifier.m; sourceTree = "<group>"; };
		AD29A0A4254AD8F70048DCC2 /* SDImageCodersManager.h */ = {isa = PBXFileReference; fileEncoding = 4; lastKnownFileType = sourcecode.c.h; path = SDImageCodersManager.h; sourceTree = "<group>"; };
		AD29A0A5254AD8F70048DCC2 /* UIImage+GIF.h */ = {isa = PBXFileReference; fileEncoding = 4; lastKnownFileType = sourcecode.c.h; path = "UIImage+GIF.h"; sourceTree = "<group>"; };
		AD29A0A8254AD8F70048DCC2 /* FLAnimatedImage.m */ = {isa = PBXFileReference; fileEncoding = 4; lastKnownFileType = sourcecode.c.objc; path = FLAnimatedImage.m; sourceTree = "<group>"; };
		AD29A0A9254AD8F70048DCC2 /* FLAnimatedImageView.m */ = {isa = PBXFileReference; fileEncoding = 4; lastKnownFileType = sourcecode.c.objc; path = FLAnimatedImageView.m; sourceTree = "<group>"; };
		AD29A0AA254AD8F70048DCC2 /* FLAnimatedImage.h */ = {isa = PBXFileReference; fileEncoding = 4; lastKnownFileType = sourcecode.c.h; path = FLAnimatedImage.h; sourceTree = "<group>"; };
		AD29A0AB254AD8F70048DCC2 /* FLAnimatedImageView.h */ = {isa = PBXFileReference; fileEncoding = 4; lastKnownFileType = sourcecode.c.h; path = FLAnimatedImageView.h; sourceTree = "<group>"; };
		AD29A0AC254AD8F70048DCC2 /* SDWebImage.h */ = {isa = PBXFileReference; fileEncoding = 4; lastKnownFileType = sourcecode.c.h; path = SDWebImage.h; sourceTree = "<group>"; };
		AD29A0AE254AD8F70048DCC2 /* SDDeviceHelper.h */ = {isa = PBXFileReference; fileEncoding = 4; lastKnownFileType = sourcecode.c.h; path = SDDeviceHelper.h; sourceTree = "<group>"; };
		AD29A0AF254AD8F70048DCC2 /* SDWeakProxy.h */ = {isa = PBXFileReference; fileEncoding = 4; lastKnownFileType = sourcecode.c.h; path = SDWeakProxy.h; sourceTree = "<group>"; };
		AD29A0B0254AD8F70048DCC2 /* SDImageCachesManagerOperation.m */ = {isa = PBXFileReference; fileEncoding = 4; lastKnownFileType = sourcecode.c.objc; path = SDImageCachesManagerOperation.m; sourceTree = "<group>"; };
		AD29A0B1254AD8F70048DCC2 /* SDFileAttributeHelper.h */ = {isa = PBXFileReference; fileEncoding = 4; lastKnownFileType = sourcecode.c.h; path = SDFileAttributeHelper.h; sourceTree = "<group>"; };
		AD29A0B2254AD8F70048DCC2 /* SDInternalMacros.h */ = {isa = PBXFileReference; fileEncoding = 4; lastKnownFileType = sourcecode.c.h; path = SDInternalMacros.h; sourceTree = "<group>"; };
		AD29A0B3254AD8F70048DCC2 /* NSBezierPath+RoundedCorners.h */ = {isa = PBXFileReference; fileEncoding = 4; lastKnownFileType = sourcecode.c.h; path = "NSBezierPath+RoundedCorners.h"; sourceTree = "<group>"; };
		AD29A0B4254AD8F70048DCC2 /* SDImageAssetManager.m */ = {isa = PBXFileReference; fileEncoding = 4; lastKnownFileType = sourcecode.c.objc; path = SDImageAssetManager.m; sourceTree = "<group>"; };
		AD29A0B5254AD8F70048DCC2 /* SDAsyncBlockOperation.h */ = {isa = PBXFileReference; fileEncoding = 4; lastKnownFileType = sourcecode.c.h; path = SDAsyncBlockOperation.h; sourceTree = "<group>"; };
		AD29A0B6254AD8F70048DCC2 /* SDDisplayLink.h */ = {isa = PBXFileReference; fileEncoding = 4; lastKnownFileType = sourcecode.c.h; path = SDDisplayLink.h; sourceTree = "<group>"; };
		AD29A0B7254AD8F70048DCC2 /* UIColor+HexString.h */ = {isa = PBXFileReference; fileEncoding = 4; lastKnownFileType = sourcecode.c.h; path = "UIColor+HexString.h"; sourceTree = "<group>"; };
		AD29A0B8254AD8F70048DCC2 /* SDAssociatedObject.h */ = {isa = PBXFileReference; fileEncoding = 4; lastKnownFileType = sourcecode.c.h; path = SDAssociatedObject.h; sourceTree = "<group>"; };
		AD29A0B9254AD8F70048DCC2 /* SDmetamacros.h */ = {isa = PBXFileReference; fileEncoding = 4; lastKnownFileType = sourcecode.c.h; path = SDmetamacros.h; sourceTree = "<group>"; };
		AD29A0BA254AD8F70048DCC2 /* SDImageHEICCoderInternal.h */ = {isa = PBXFileReference; fileEncoding = 4; lastKnownFileType = sourcecode.c.h; path = SDImageHEICCoderInternal.h; sourceTree = "<group>"; };
		AD29A0BB254AD8F70048DCC2 /* SDImageIOAnimatedCoderInternal.h */ = {isa = PBXFileReference; fileEncoding = 4; lastKnownFileType = sourcecode.c.h; path = SDImageIOAnimatedCoderInternal.h; sourceTree = "<group>"; };
		AD29A0BC254AD8F70048DCC2 /* SDDeviceHelper.m */ = {isa = PBXFileReference; fileEncoding = 4; lastKnownFileType = sourcecode.c.objc; path = SDDeviceHelper.m; sourceTree = "<group>"; };
		AD29A0BD254AD8F70048DCC2 /* SDWeakProxy.m */ = {isa = PBXFileReference; fileEncoding = 4; lastKnownFileType = sourcecode.c.objc; path = SDWeakProxy.m; sourceTree = "<group>"; };
		AD29A0BE254AD8F70048DCC2 /* SDInternalMacros.m */ = {isa = PBXFileReference; fileEncoding = 4; lastKnownFileType = sourcecode.c.objc; path = SDInternalMacros.m; sourceTree = "<group>"; };
		AD29A0BF254AD8F70048DCC2 /* SDFileAttributeHelper.m */ = {isa = PBXFileReference; fileEncoding = 4; lastKnownFileType = sourcecode.c.objc; path = SDFileAttributeHelper.m; sourceTree = "<group>"; };
		AD29A0C0254AD8F70048DCC2 /* SDImageCachesManagerOperation.h */ = {isa = PBXFileReference; fileEncoding = 4; lastKnownFileType = sourcecode.c.h; path = SDImageCachesManagerOperation.h; sourceTree = "<group>"; };
		AD29A0C1254AD8F70048DCC2 /* SDDisplayLink.m */ = {isa = PBXFileReference; fileEncoding = 4; lastKnownFileType = sourcecode.c.objc; path = SDDisplayLink.m; sourceTree = "<group>"; };
		AD29A0C2254AD8F70048DCC2 /* SDImageAssetManager.h */ = {isa = PBXFileReference; fileEncoding = 4; lastKnownFileType = sourcecode.c.h; path = SDImageAssetManager.h; sourceTree = "<group>"; };
		AD29A0C3254AD8F70048DCC2 /* SDAsyncBlockOperation.m */ = {isa = PBXFileReference; fileEncoding = 4; lastKnownFileType = sourcecode.c.objc; path = SDAsyncBlockOperation.m; sourceTree = "<group>"; };
		AD29A0C4254AD8F70048DCC2 /* NSBezierPath+RoundedCorners.m */ = {isa = PBXFileReference; fileEncoding = 4; lastKnownFileType = sourcecode.c.objc; path = "NSBezierPath+RoundedCorners.m"; sourceTree = "<group>"; };
		AD29A0C5254AD8F70048DCC2 /* UIColor+HexString.m */ = {isa = PBXFileReference; fileEncoding = 4; lastKnownFileType = sourcecode.c.objc; path = "UIColor+HexString.m"; sourceTree = "<group>"; };
		AD29A0C6254AD8F70048DCC2 /* SDAssociatedObject.m */ = {isa = PBXFileReference; fileEncoding = 4; lastKnownFileType = sourcecode.c.objc; path = SDAssociatedObject.m; sourceTree = "<group>"; };
		AD29A0C8254AD8F70048DCC2 /* FLAnimatedImageView+WebCache.m */ = {isa = PBXFileReference; fileEncoding = 4; lastKnownFileType = sourcecode.c.objc; path = "FLAnimatedImageView+WebCache.m"; sourceTree = "<group>"; };
		AD29A0C9254AD8F70048DCC2 /* SDFLAnimatedImage.h */ = {isa = PBXFileReference; fileEncoding = 4; lastKnownFileType = sourcecode.c.h; path = SDFLAnimatedImage.h; sourceTree = "<group>"; };
		AD29A0CA254AD8F70048DCC2 /* FLAnimatedImageView+WebCache.h */ = {isa = PBXFileReference; fileEncoding = 4; lastKnownFileType = sourcecode.c.h; path = "FLAnimatedImageView+WebCache.h"; sourceTree = "<group>"; };
		AD29A0CB254AD8F70048DCC2 /* SDFLAnimatedImage.m */ = {isa = PBXFileReference; fileEncoding = 4; lastKnownFileType = sourcecode.c.objc; path = SDFLAnimatedImage.m; sourceTree = "<group>"; };
		ADC98A212510CF3F00564683 /* AFN源码绿化.app */ = {isa = PBXFileReference; explicitFileType = wrapper.application; includeInIndex = 0; path = "AFN源码绿化.app"; sourceTree = BUILT_PRODUCTS_DIR; };
		ADC98A242510CF3F00564683 /* AppDelegate.h */ = {isa = PBXFileReference; lastKnownFileType = sourcecode.c.h; path = AppDelegate.h; sourceTree = "<group>"; };
		ADC98A252510CF3F00564683 /* AppDelegate.m */ = {isa = PBXFileReference; lastKnownFileType = sourcecode.c.objc; path = AppDelegate.m; sourceTree = "<group>"; };
		ADC98A2A2510CF3F00564683 /* ViewController.h */ = {isa = PBXFileReference; lastKnownFileType = sourcecode.c.h; path = ViewController.h; sourceTree = "<group>"; };
		ADC98A2B2510CF3F00564683 /* ViewController.m */ = {isa = PBXFileReference; lastKnownFileType = sourcecode.c.objc; path = ViewController.m; sourceTree = "<group>"; };
		ADC98A2E2510CF3F00564683 /* Base */ = {isa = PBXFileReference; lastKnownFileType = file.storyboard; name = Base; path = Base.lproj/Main.storyboard; sourceTree = "<group>"; };
		ADC98A302510CF4200564683 /* Assets.xcassets */ = {isa = PBXFileReference; lastKnownFileType = folder.assetcatalog; path = Assets.xcassets; sourceTree = "<group>"; };
		ADC98A332510CF4300564683 /* Base */ = {isa = PBXFileReference; lastKnownFileType = file.storyboard; name = Base; path = Base.lproj/LaunchScreen.storyboard; sourceTree = "<group>"; };
		ADC98A352510CF4300564683 /* Info.plist */ = {isa = PBXFileReference; lastKnownFileType = text.plist.xml; path = Info.plist; sourceTree = "<group>"; };
		ADC98A362510CF4300564683 /* main.m */ = {isa = PBXFileReference; lastKnownFileType = sourcecode.c.objc; path = main.m; sourceTree = "<group>"; };
		ADC98A3E2510CF6000564683 /* AFSecurityPolicy.h */ = {isa = PBXFileReference; fileEncoding = 4; lastKnownFileType = sourcecode.c.h; path = AFSecurityPolicy.h; sourceTree = "<group>"; };
		ADC98A3F2510CF6000564683 /* AFNetworkReachabilityManager.h */ = {isa = PBXFileReference; fileEncoding = 4; lastKnownFileType = sourcecode.c.h; path = AFNetworkReachabilityManager.h; sourceTree = "<group>"; };
		ADC98A402510CF6000564683 /* AFURLSessionManager.h */ = {isa = PBXFileReference; fileEncoding = 4; lastKnownFileType = sourcecode.c.h; path = AFURLSessionManager.h; sourceTree = "<group>"; };
		ADC98A412510CF6000564683 /* AFURLRequestSerialization.h */ = {isa = PBXFileReference; fileEncoding = 4; lastKnownFileType = sourcecode.c.h; path = AFURLRequestSerialization.h; sourceTree = "<group>"; };
		ADC98A422510CF6000564683 /* AFURLResponseSerialization.m */ = {isa = PBXFileReference; fileEncoding = 4; lastKnownFileType = sourcecode.c.objc; path = AFURLResponseSerialization.m; sourceTree = "<group>"; };
		ADC98A432510CF6000564683 /* AFHTTPSessionManager.m */ = {isa = PBXFileReference; fileEncoding = 4; lastKnownFileType = sourcecode.c.objc; path = AFHTTPSessionManager.m; sourceTree = "<group>"; };
		ADC98A442510CF6000564683 /* AFURLResponseSerialization.h */ = {isa = PBXFileReference; fileEncoding = 4; lastKnownFileType = sourcecode.c.h; path = AFURLResponseSerialization.h; sourceTree = "<group>"; };
		ADC98A452510CF6000564683 /* AFURLSessionManager.m */ = {isa = PBXFileReference; fileEncoding = 4; lastKnownFileType = sourcecode.c.objc; path = AFURLSessionManager.m; sourceTree = "<group>"; };
		ADC98A462510CF6000564683 /* AFURLRequestSerialization.m */ = {isa = PBXFileReference; fileEncoding = 4; lastKnownFileType = sourcecode.c.objc; path = AFURLRequestSerialization.m; sourceTree = "<group>"; };
		ADC98A472510CF6000564683 /* AFNetworking.h */ = {isa = PBXFileReference; fileEncoding = 4; lastKnownFileType = sourcecode.c.h; path = AFNetworking.h; sourceTree = "<group>"; };
		ADC98A482510CF6000564683 /* AFNetworkReachabilityManager.m */ = {isa = PBXFileReference; fileEncoding = 4; lastKnownFileType = sourcecode.c.objc; path = AFNetworkReachabilityManager.m; sourceTree = "<group>"; };
		ADC98A492510CF6000564683 /* AFSecurityPolicy.m */ = {isa = PBXFileReference; fileEncoding = 4; lastKnownFileType = sourcecode.c.objc; path = AFSecurityPolicy.m; sourceTree = "<group>"; };
		ADC98A4A2510CF6000564683 /* AFCompatibilityMacros.h */ = {isa = PBXFileReference; fileEncoding = 4; lastKnownFileType = sourcecode.c.h; path = AFCompatibilityMacros.h; sourceTree = "<group>"; };
		ADC98A4B2510CF6000564683 /* AFHTTPSessionManager.h */ = {isa = PBXFileReference; fileEncoding = 4; lastKnownFileType = sourcecode.c.h; path = AFHTTPSessionManager.h; sourceTree = "<group>"; };
/* End PBXFileReference section */

/* Begin PBXFrameworksBuildPhase section */
		ADC98A1E2510CF3F00564683 /* Frameworks */ = {
			isa = PBXFrameworksBuildPhase;
			buildActionMask = 2147483647;
			files = (
			);
			runOnlyForDeploymentPostprocessing = 0;
		};
/* End PBXFrameworksBuildPhase section */

/* Begin PBXGroup section */
		AD29A033254AD8F70048DCC2 /* SDWebImage */ = {
			isa = PBXGroup;
			children = (
				AD29A034254AD8F70048DCC2 /* Core */,
				AD29A0A6254AD8F70048DCC2 /* FLAnimatedImage */,
				AD29A0AC254AD8F70048DCC2 /* SDWebImage.h */,
				AD29A0AD254AD8F70048DCC2 /* Private */,
				AD29A0C7254AD8F70048DCC2 /* FLAnimatedImageBridge */,
			);
			path = SDWebImage;
			sourceTree = "<group>";
		};
		AD29A034254AD8F70048DCC2 /* Core */ = {
			isa = PBXGroup;
			children = (
				AD29A035254AD8F70048DCC2 /* UIImage+ExtendedCacheData.h */,
				AD29A036254AD8F70048DCC2 /* SDImageHEICCoder.m */,
				AD29A037254AD8F70048DCC2 /* SDAnimatedImageRep.h */,
				AD29A038254AD8F70048DCC2 /* NSImage+Compatibility.m */,
				AD29A039254AD8F70048DCC2 /* SDDiskCache.h */,
				AD29A03A254AD8F70048DCC2 /* SDAnimatedImageView+WebCache.m */,
				AD29A03B254AD8F70048DCC2 /* SDImageIOCoder.h */,
				AD29A03C254AD8F70048DCC2 /* SDImageCoder.m */,
				AD29A03D254AD8F70048DCC2 /* NSButton+WebCache.h */,
				AD29A03E254AD8F70048DCC2 /* SDImageGraphics.h */,
				AD29A03F254AD8F70048DCC2 /* UIImageView+WebCache.h */,
				AD29A040254AD8F70048DCC2 /* NSData+ImageContentType.h */,
				AD29A041254AD8F70048DCC2 /* SDWebImageDownloaderDecryptor.m */,
				AD29A042254AD8F70048DCC2 /* SDImageTransformer.h */,
				AD29A043254AD8F70048DCC2 /* SDImageCachesManager.h */,
				AD29A044254AD8F70048DCC2 /* SDWebImageTransition.h */,
				AD29A045254AD8F70048DCC2 /* SDWebImageManager.m */,
				AD29A046254AD8F70048DCC2 /* SDImageLoadersManager.h */,
				AD29A047254AD8F70048DCC2 /* SDImageIOAnimatedCoder.m */,
				AD29A048254AD8F70048DCC2 /* SDWebImageDownloaderOperation.h */,
				AD29A049254AD8F70048DCC2 /* UIImageView+HighlightedWebCache.m */,
				AD29A04A254AD8F70048DCC2 /* SDImageFrame.h */,
				AD29A04B254AD8F70048DCC2 /* SDImageGIFCoder.h */,
				AD29A04C254AD8F70048DCC2 /* SDImageCache.h */,
				AD29A04D254AD8F70048DCC2 /* SDWebImageDownloaderConfig.h */,
				AD29A04E254AD8F70048DCC2 /* SDAnimatedImage.m */,
				AD29A04F254AD8F70048DCC2 /* SDAnimatedImageView.m */,
				AD29A050254AD8F70048DCC2 /* UIImage+ForceDecode.m */,
				AD29A051254AD8F70048DCC2 /* SDImageCacheConfig.h */,
				AD29A052254AD8F70048DCC2 /* SDWebImageCacheKeyFilter.h */,
				AD29A053254AD8F70048DCC2 /* SDAnimatedImagePlayer.m */,
				AD29A054254AD8F70048DCC2 /* UIImage+Transform.m */,
				AD29A055254AD8F70048DCC2 /* UIImage+MemoryCacheCost.h */,
				AD29A056254AD8F70048DCC2 /* SDWebImageDownloader.m */,
				AD29A057254AD8F70048DCC2 /* SDImageCacheDefine.h */,
				AD29A058254AD8F70048DCC2 /* SDImageLoader.m */,
				AD29A059254AD8F70048DCC2 /* SDWebImageCacheSerializer.m */,
				AD29A05A254AD8F70048DCC2 /* SDWebImageIndicator.m */,
				AD29A05B254AD8F70048DCC2 /* SDGraphicsImageRenderer.m */,
				AD29A05C254AD8F70048DCC2 /* UIImage+GIF.m */,
				AD29A05D254AD8F70048DCC2 /* SDImageCodersManager.m */,
				AD29A05E254AD8F70048DCC2 /* UIButton+WebCache.h */,
				AD29A05F254AD8F70048DCC2 /* SDWebImageDownloaderRequestModifier.h */,
				AD29A060254AD8F70048DCC2 /* UIImage+MultiFormat.m */,
				AD29A061254AD8F70048DCC2 /* SDMemoryCache.m */,
				AD29A062254AD8F70048DCC2 /* UIImage+Metadata.h */,
				AD29A063254AD8F70048DCC2 /* SDWebImageCompat.m */,
				AD29A064254AD8F70048DCC2 /* SDImageAPNGCoder.m */,
				AD29A065254AD8F70048DCC2 /* SDWebImageDownloaderResponseModifier.m */,
				AD29A066254AD8F70048DCC2 /* SDWebImageError.m */,
				AD29A067254AD8F70048DCC2 /* SDWebImagePrefetcher.m */,
				AD29A068254AD8F70048DCC2 /* SDImageCoderHelper.m */,
				AD29A069254AD8F70048DCC2 /* SDWebImageOptionsProcessor.h */,
				AD29A06A254AD8F70048DCC2 /* UIView+WebCache.h */,
				AD29A06B254AD8F70048DCC2 /* UIView+WebCacheOperation.h */,
				AD29A06C254AD8F70048DCC2 /* SDWebImageDefine.h */,
				AD29A06D254AD8F70048DCC2 /* NSButton+WebCache.m */,
				AD29A06E254AD8F70048DCC2 /* SDImageCoder.h */,
				AD29A06F254AD8F70048DCC2 /* SDImageIOCoder.m */,
				AD29A070254AD8F70048DCC2 /* SDAnimatedImageView+WebCache.h */,
				AD29A071254AD8F70048DCC2 /* SDDiskCache.m */,
				AD29A072254AD8F70048DCC2 /* NSImage+Compatibility.h */,
				AD29A073254AD8F70048DCC2 /* SDAnimatedImageRep.m */,
				AD29A074254AD8F70048DCC2 /* SDImageHEICCoder.h */,
				AD29A075254AD8F70048DCC2 /* UIImage+ExtendedCacheData.m */,
				AD29A076254AD8F70048DCC2 /* SDAnimatedImageView.h */,
				AD29A077254AD8F70048DCC2 /* SDWebImageDownloaderConfig.m */,
				AD29A078254AD8F70048DCC2 /* SDAnimatedImage.h */,
				AD29A079254AD8F70048DCC2 /* SDImageCache.m */,
				AD29A07A254AD8F70048DCC2 /* SDImageGIFCoder.m */,
				AD29A07B254AD8F70048DCC2 /* UIImageView+HighlightedWebCache.h */,
				AD29A07C254AD8F70048DCC2 /* SDImageFrame.m */,
				AD29A07D254AD8F70048DCC2 /* SDWebImageDownloaderOperation.m */,
				AD29A07E254AD8F70048DCC2 /* SDImageIOAnimatedCoder.h */,
				AD29A07F254AD8F70048DCC2 /* SDImageLoadersManager.m */,
				AD29A080254AD8F70048DCC2 /* SDImageCachesManager.m */,
				AD29A081254AD8F70048DCC2 /* SDWebImageTransition.m */,
				AD29A082254AD8F70048DCC2 /* SDWebImageManager.h */,
				AD29A083254AD8F70048DCC2 /* SDImageTransformer.m */,
				AD29A084254AD8F70048DCC2 /* NSData+ImageContentType.m */,
				AD29A085254AD8F70048DCC2 /* UIImageView+WebCache.m */,
				AD29A086254AD8F70048DCC2 /* SDWebImageDownloaderDecryptor.h */,
				AD29A087254AD8F70048DCC2 /* SDWebImageOperation.h */,
				AD29A088254AD8F70048DCC2 /* SDImageGraphics.m */,
				AD29A089254AD8F70048DCC2 /* SDGraphicsImageRenderer.h */,
				AD29A08A254AD8F70048DCC2 /* SDWebImageIndicator.h */,
				AD29A08B254AD8F70048DCC2 /* SDWebImageCacheSerializer.h */,
				AD29A08C254AD8F70048DCC2 /* SDImageLoader.h */,
				AD29A08D254AD8F70048DCC2 /* SDImageCacheDefine.m */,
				AD29A08E254AD8F70048DCC2 /* SDWebImageDownloader.h */,
				AD29A08F254AD8F70048DCC2 /* UIImage+MemoryCacheCost.m */,
				AD29A090254AD8F70048DCC2 /* UIImage+Transform.h */,
				AD29A091254AD8F70048DCC2 /* SDAnimatedImagePlayer.h */,
				AD29A092254AD8F70048DCC2 /* SDImageCacheConfig.m */,
				AD29A093254AD8F70048DCC2 /* SDWebImageCacheKeyFilter.m */,
				AD29A094254AD8F70048DCC2 /* UIImage+ForceDecode.h */,
				AD29A095254AD8F70048DCC2 /* SDWebImageDefine.m */,
				AD29A096254AD8F70048DCC2 /* SDImageCoderHelper.h */,
				AD29A097254AD8F70048DCC2 /* SDWebImageOptionsProcessor.m */,
				AD29A098254AD8F70048DCC2 /* UIView+WebCacheOperation.m */,
				AD29A099254AD8F70048DCC2 /* UIView+WebCache.m */,
				AD29A09A254AD8F70048DCC2 /* SDWebImagePrefetcher.h */,
				AD29A09B254AD8F70048DCC2 /* SDWebImageDownloaderResponseModifier.h */,
				AD29A09C254AD8F70048DCC2 /* SDImageAPNGCoder.h */,
				AD29A09D254AD8F70048DCC2 /* SDWebImageError.h */,
				AD29A09E254AD8F70048DCC2 /* SDWebImageCompat.h */,
				AD29A09F254AD8F70048DCC2 /* SDMemoryCache.h */,
				AD29A0A0254AD8F70048DCC2 /* UIImage+Metadata.m */,
				AD29A0A1254AD8F70048DCC2 /* UIImage+MultiFormat.h */,
				AD29A0A2254AD8F70048DCC2 /* UIButton+WebCache.m */,
				AD29A0A3254AD8F70048DCC2 /* SDWebImageDownloaderRequestModifier.m */,
				AD29A0A4254AD8F70048DCC2 /* SDImageCodersManager.h */,
				AD29A0A5254AD8F70048DCC2 /* UIImage+GIF.h */,
			);
			path = Core;
			sourceTree = "<group>";
		};
		AD29A0A6254AD8F70048DCC2 /* FLAnimatedImage */ = {
			isa = PBXGroup;
			children = (
				AD29A0A7254AD8F70048DCC2 /* FLAnimatedImage */,
			);
			path = FLAnimatedImage;
			sourceTree = "<group>";
		};
		AD29A0A7254AD8F70048DCC2 /* FLAnimatedImage */ = {
			isa = PBXGroup;
			children = (
				AD29A0A8254AD8F70048DCC2 /* FLAnimatedImage.m */,
				AD29A0A9254AD8F70048DCC2 /* FLAnimatedImageView.m */,
				AD29A0AA254AD8F70048DCC2 /* FLAnimatedImage.h */,
				AD29A0AB254AD8F70048DCC2 /* FLAnimatedImageView.h */,
			);
			path = FLAnimatedImage;
			sourceTree = "<group>";
		};
		AD29A0AD254AD8F70048DCC2 /* Private */ = {
			isa = PBXGroup;
			children = (
				AD29A0AE254AD8F70048DCC2 /* SDDeviceHelper.h */,
				AD29A0AF254AD8F70048DCC2 /* SDWeakProxy.h */,
				AD29A0B0254AD8F70048DCC2 /* SDImageCachesManagerOperation.m */,
				AD29A0B1254AD8F70048DCC2 /* SDFileAttributeHelper.h */,
				AD29A0B2254AD8F70048DCC2 /* SDInternalMacros.h */,
				AD29A0B3254AD8F70048DCC2 /* NSBezierPath+RoundedCorners.h */,
				AD29A0B4254AD8F70048DCC2 /* SDImageAssetManager.m */,
				AD29A0B5254AD8F70048DCC2 /* SDAsyncBlockOperation.h */,
				AD29A0B6254AD8F70048DCC2 /* SDDisplayLink.h */,
				AD29A0B7254AD8F70048DCC2 /* UIColor+HexString.h */,
				AD29A0B8254AD8F70048DCC2 /* SDAssociatedObject.h */,
				AD29A0B9254AD8F70048DCC2 /* SDmetamacros.h */,
				AD29A0BA254AD8F70048DCC2 /* SDImageHEICCoderInternal.h */,
				AD29A0BB254AD8F70048DCC2 /* SDImageIOAnimatedCoderInternal.h */,
				AD29A0BC254AD8F70048DCC2 /* SDDeviceHelper.m */,
				AD29A0BD254AD8F70048DCC2 /* SDWeakProxy.m */,
				AD29A0BE254AD8F70048DCC2 /* SDInternalMacros.m */,
				AD29A0BF254AD8F70048DCC2 /* SDFileAttributeHelper.m */,
				AD29A0C0254AD8F70048DCC2 /* SDImageCachesManagerOperation.h */,
				AD29A0C1254AD8F70048DCC2 /* SDDisplayLink.m */,
				AD29A0C2254AD8F70048DCC2 /* SDImageAssetManager.h */,
				AD29A0C3254AD8F70048DCC2 /* SDAsyncBlockOperation.m */,
				AD29A0C4254AD8F70048DCC2 /* NSBezierPath+RoundedCorners.m */,
				AD29A0C5254AD8F70048DCC2 /* UIColor+HexString.m */,
				AD29A0C6254AD8F70048DCC2 /* SDAssociatedObject.m */,
			);
			path = Private;
			sourceTree = "<group>";
		};
		AD29A0C7254AD8F70048DCC2 /* FLAnimatedImageBridge */ = {
			isa = PBXGroup;
			children = (
				AD29A0C8254AD8F70048DCC2 /* FLAnimatedImageView+WebCache.m */,
				AD29A0C9254AD8F70048DCC2 /* SDFLAnimatedImage.h */,
				AD29A0CA254AD8F70048DCC2 /* FLAnimatedImageView+WebCache.h */,
				AD29A0CB254AD8F70048DCC2 /* SDFLAnimatedImage.m */,
			);
			path = FLAnimatedImageBridge;
			sourceTree = "<group>";
		};
		ADC98A182510CF3F00564683 = {
			isa = PBXGroup;
			children = (
				ADC98A232510CF3F00564683 /* AFParsing */,
				ADC98A222510CF3F00564683 /* Products */,
			);
			sourceTree = "<group>";
		};
		ADC98A222510CF3F00564683 /* Products */ = {
			isa = PBXGroup;
			children = (
				ADC98A212510CF3F00564683 /* AFN源码绿化.app */,
			);
			name = Products;
			sourceTree = "<group>";
		};
		ADC98A232510CF3F00564683 /* AFParsing */ = {
			isa = PBXGroup;
			children = (
				ADC98A3D2510CF6000564683 /* AFNetworking */,
				AD29A033254AD8F70048DCC2 /* SDWebImage */,
				ADC98A242510CF3F00564683 /* AppDelegate.h */,
				ADC98A252510CF3F00564683 /* AppDelegate.m */,
				ADC98A2A2510CF3F00564683 /* ViewController.h */,
				ADC98A2B2510CF3F00564683 /* ViewController.m */,
				ADC98A2D2510CF3F00564683 /* Main.storyboard */,
				ADC98A302510CF4200564683 /* Assets.xcassets */,
				ADC98A322510CF4300564683 /* LaunchScreen.storyboard */,
				ADC98A352510CF4300564683 /* Info.plist */,
				ADC98A362510CF4300564683 /* main.m */,
			);
			path = AFParsing;
			sourceTree = "<group>";
		};
		ADC98A3D2510CF6000564683 /* AFNetworking */ = {
			isa = PBXGroup;
			children = (
				ADC98A4A2510CF6000564683 /* AFCompatibilityMacros.h */,
				ADC98A4B2510CF6000564683 /* AFHTTPSessionManager.h */,
				ADC98A432510CF6000564683 /* AFHTTPSessionManager.m */,
				ADC98A472510CF6000564683 /* AFNetworking.h */,
				ADC98A3F2510CF6000564683 /* AFNetworkReachabilityManager.h */,
				ADC98A482510CF6000564683 /* AFNetworkReachabilityManager.m */,
				ADC98A3E2510CF6000564683 /* AFSecurityPolicy.h */,
				ADC98A492510CF6000564683 /* AFSecurityPolicy.m */,
				ADC98A412510CF6000564683 /* AFURLRequestSerialization.h */,
				ADC98A462510CF6000564683 /* AFURLRequestSerialization.m */,
				ADC98A442510CF6000564683 /* AFURLResponseSerialization.h */,
				ADC98A422510CF6000564683 /* AFURLResponseSerialization.m */,
				ADC98A402510CF6000564683 /* AFURLSessionManager.h */,
				ADC98A452510CF6000564683 /* AFURLSessionManager.m */,
			);
			path = AFNetworking;
			sourceTree = "<group>";
		};
/* End PBXGroup section */

/* Begin PBXNativeTarget section */
		ADC98A202510CF3F00564683 /* AFParsing */ = {
			isa = PBXNativeTarget;
			buildConfigurationList = ADC98A3A2510CF4300564683 /* Build configuration list for PBXNativeTarget "AFParsing" */;
			buildPhases = (
				ADC98A1D2510CF3F00564683 /* Sources */,
				ADC98A1E2510CF3F00564683 /* Frameworks */,
				ADC98A1F2510CF3F00564683 /* Resources */,
			);
			buildRules = (
			);
			dependencies = (
			);
			name = AFParsing;
			productName = AFParsing;
			productReference = ADC98A212510CF3F00564683 /* AFN源码绿化.app */;
			productType = "com.apple.product-type.application";
		};
/* End PBXNativeTarget section */

/* Begin PBXProject section */
		ADC98A192510CF3F00564683 /* Project object */ = {
			isa = PBXProject;
			attributes = {
				LastUpgradeCheck = 1150;
				ORGANIZATIONNAME = DahaoJiang;
				TargetAttributes = {
					ADC98A202510CF3F00564683 = {
						CreatedOnToolsVersion = 11.5;
					};
				};
			};
			buildConfigurationList = ADC98A1C2510CF3F00564683 /* Build configuration list for PBXProject "AFParsing" */;
			compatibilityVersion = "Xcode 9.3";
			developmentRegion = en;
			hasScannedForEncodings = 0;
			knownRegions = (
				en,
				Base,
			);
			mainGroup = ADC98A182510CF3F00564683;
			productRefGroup = ADC98A222510CF3F00564683 /* Products */;
			projectDirPath = "";
			projectRoot = "";
			targets = (
				ADC98A202510CF3F00564683 /* AFParsing */,
			);
		};
/* End PBXProject section */

/* Begin PBXResourcesBuildPhase section */
		ADC98A1F2510CF3F00564683 /* Resources */ = {
			isa = PBXResourcesBuildPhase;
			buildActionMask = 2147483647;
			files = (
				ADC98A342510CF4300564683 /* LaunchScreen.storyboard in Resources */,
				ADC98A312510CF4200564683 /* Assets.xcassets in Resources */,
				ADC98A2F2510CF3F00564683 /* Main.storyboard in Resources */,
			);
			runOnlyForDeploymentPostprocessing = 0;
		};
/* End PBXResourcesBuildPhase section */

/* Begin PBXSourcesBuildPhase section */
		ADC98A1D2510CF3F00564683 /* Sources */ = {
			isa = PBXSourcesBuildPhase;
			buildActionMask = 2147483647;
			files = (
				AD29A0D9254AD8F70048DCC2 /* SDWebImageDownloader.m in Sources */,
				AD29A0D3254AD8F70048DCC2 /* UIImageView+HighlightedWebCache.m in Sources */,
				AD29A109254AD8F80048DCC2 /* SDWeakProxy.m in Sources */,
				AD29A10B254AD8F80048DCC2 /* SDFileAttributeHelper.m in Sources */,
				AD29A0F5254AD8F70048DCC2 /* SDImageTransformer.m in Sources */,
				AD29A110254AD8F80048DCC2 /* SDAssociatedObject.m in Sources */,
				AD29A0DD254AD8F70048DCC2 /* SDGraphicsImageRenderer.m in Sources */,
				ADC98A2C2510CF3F00564683 /* ViewController.m in Sources */,
				AD29A10A254AD8F80048DCC2 /* SDInternalMacros.m in Sources */,
				AD29A105254AD8F80048DCC2 /* FLAnimatedImageView.m in Sources */,
				ADC98A502510CF6000564683 /* AFNetworkReachabilityManager.m in Sources */,
				AD29A0F3254AD8F70048DCC2 /* SDImageCachesManager.m in Sources */,
				AD29A0D6254AD8F70048DCC2 /* UIImage+ForceDecode.m in Sources */,
				AD29A112254AD8F80048DCC2 /* SDFLAnimatedImage.m in Sources */,
				AD29A0D4254AD8F70048DCC2 /* SDAnimatedImage.m in Sources */,
				AD29A0F8254AD8F70048DCC2 /* SDImageGraphics.m in Sources */,
				AD29A0F1254AD8F70048DCC2 /* SDWebImageDownloaderOperation.m in Sources */,
				AD29A0EE254AD8F70048DCC2 /* SDImageCache.m in Sources */,
				AD29A100254AD8F70048DCC2 /* UIView+WebCache.m in Sources */,
				ADC98A262510CF3F00564683 /* AppDelegate.m in Sources */,
				AD29A107254AD8F80048DCC2 /* SDImageAssetManager.m in Sources */,
				ADC98A372510CF4300564683 /* main.m in Sources */,
				AD29A0FA254AD8F70048DCC2 /* UIImage+MemoryCacheCost.m in Sources */,
				AD29A0F4254AD8F70048DCC2 /* SDWebImageTransition.m in Sources */,
				AD29A0FC254AD8F70048DCC2 /* SDWebImageCacheKeyFilter.m in Sources */,
				AD29A0EF254AD8F70048DCC2 /* SDImageGIFCoder.m in Sources */,
				AD29A0E6254AD8F70048DCC2 /* SDWebImagePrefetcher.m in Sources */,
				AD29A0E2254AD8F70048DCC2 /* SDWebImageCompat.m in Sources */,
				ADC98A4E2510CF6000564683 /* AFURLSessionManager.m in Sources */,
				AD29A0D2254AD8F70048DCC2 /* SDImageIOAnimatedCoder.m in Sources */,
				ADC98A4D2510CF6000564683 /* AFHTTPSessionManager.m in Sources */,
				AD29A0E5254AD8F70048DCC2 /* SDWebImageError.m in Sources */,
				ADC98A512510CF6000564683 /* AFSecurityPolicy.m in Sources */,
				AD29A0D7254AD8F70048DCC2 /* SDAnimatedImagePlayer.m in Sources */,
				AD29A0E9254AD8F70048DCC2 /* SDImageIOCoder.m in Sources */,
				AD29A0EB254AD8F70048DCC2 /* SDAnimatedImageRep.m in Sources */,
				AD29A0D8254AD8F70048DCC2 /* UIImage+Transform.m in Sources */,
				AD29A0E4254AD8F70048DCC2 /* SDWebImageDownloaderResponseModifier.m in Sources */,
				AD29A0CD254AD8F70048DCC2 /* NSImage+Compatibility.m in Sources */,
				AD29A10C254AD8F80048DCC2 /* SDDisplayLink.m in Sources */,
				AD29A0DC254AD8F70048DCC2 /* SDWebImageIndicator.m in Sources */,
				AD29A103254AD8F70048DCC2 /* SDWebImageDownloaderRequestModifier.m in Sources */,
				AD29A0EC254AD8F70048DCC2 /* UIImage+ExtendedCacheData.m in Sources */,
				AD29A111254AD8F80048DCC2 /* FLAnimatedImageView+WebCache.m in Sources */,
				AD29A0FF254AD8F70048DCC2 /* UIView+WebCacheOperation.m in Sources */,
				AD29A0CF254AD8F70048DCC2 /* SDImageCoder.m in Sources */,
				AD29A0F9254AD8F70048DCC2 /* SDImageCacheDefine.m in Sources */,
				AD29A102254AD8F70048DCC2 /* UIButton+WebCache.m in Sources */,
				AD29A0D5254AD8F70048DCC2 /* SDAnimatedImageView.m in Sources */,
				AD29A0D0254AD8F70048DCC2 /* SDWebImageDownloaderDecryptor.m in Sources */,
				AD29A0CC254AD8F70048DCC2 /* SDImageHEICCoder.m in Sources */,
				AD29A108254AD8F80048DCC2 /* SDDeviceHelper.m in Sources */,
				AD29A0DA254AD8F70048DCC2 /* SDImageLoader.m in Sources */,
				AD29A0E0254AD8F70048DCC2 /* UIImage+MultiFormat.m in Sources */,
				AD29A0F2254AD8F70048DCC2 /* SDImageLoadersManager.m in Sources */,
				ADC98A4C2510CF6000564683 /* AFURLResponseSerialization.m in Sources */,
				AD29A0FD254AD8F70048DCC2 /* SDWebImageDefine.m in Sources */,
				AD29A10D254AD8F80048DCC2 /* SDAsyncBlockOperation.m in Sources */,
				AD29A0D1254AD8F70048DCC2 /* SDWebImageManager.m in Sources */,
				AD29A0E3254AD8F70048DCC2 /* SDImageAPNGCoder.m in Sources */,
				AD29A101254AD8F70048DCC2 /* UIImage+Metadata.m in Sources */,
				AD29A0DF254AD8F70048DCC2 /* SDImageCodersManager.m in Sources */,
				AD29A0E1254AD8F70048DCC2 /* SDMemoryCache.m in Sources */,
				AD29A0F6254AD8F70048DCC2 /* NSData+ImageContentType.m in Sources */,
				AD29A0F7254AD8F70048DCC2 /* UIImageView+WebCache.m in Sources */,
				AD29A0CE254AD8F70048DCC2 /* SDAnimatedImageView+WebCache.m in Sources */,
				AD29A10E254AD8F80048DCC2 /* NSBezierPath+RoundedCorners.m in Sources */,
				AD29A0DB254AD8F70048DCC2 /* SDWebImageCacheSerializer.m in Sources */,
				AD29A104254AD8F70048DCC2 /* FLAnimatedImage.m in Sources */,
				AD29A0E8254AD8F70048DCC2 /* NSButton+WebCache.m in Sources */,
				AD29A0F0254AD8F70048DCC2 /* SDImageFrame.m in Sources */,
				AD29A0E7254AD8F70048DCC2 /* SDImageCoderHelper.m in Sources */,
				AD29A0DE254AD8F70048DCC2 /* UIImage+GIF.m in Sources */,
				AD29A0EA254AD8F70048DCC2 /* SDDiskCache.m in Sources */,
				AD29A106254AD8F80048DCC2 /* SDImageCachesManagerOperation.m in Sources */,
				AD29A0ED254AD8F70048DCC2 /* SDWebImageDownloaderConfig.m in Sources */,
				AD29A0FB254AD8F70048DCC2 /* SDImageCacheConfig.m in Sources */,
				AD29A10F254AD8F80048DCC2 /* UIColor+HexString.m in Sources */,
				ADC98A4F2510CF6000564683 /* AFURLRequestSerialization.m in Sources */,
				AD29A0FE254AD8F70048DCC2 /* SDWebImageOptionsProcessor.m in Sources */,
			);
			runOnlyForDeploymentPostprocessing = 0;
		};
/* End PBXSourcesBuildPhase section */

/* Begin PBXVariantGroup section */
		ADC98A2D2510CF3F00564683 /* Main.storyboard */ = {
			isa = PBXVariantGroup;
			children = (
				ADC98A2E2510CF3F00564683 /* Base */,
			);
			name = Main.storyboard;
			sourceTree = "<group>";
		};
		ADC98A322510CF4300564683 /* LaunchScreen.storyboard */ = {
			isa = PBXVariantGroup;
			children = (
				ADC98A332510CF4300564683 /* Base */,
			);
			name = LaunchScreen.storyboard;
			sourceTree = "<group>";
		};
/* End PBXVariantGroup section */

/* Begin XCBuildConfiguration section */
		ADC98A382510CF4300564683 /* Debug */ = {
			isa = XCBuildConfiguration;
			buildSettings = {
				ALWAYS_SEARCH_USER_PATHS = NO;
				CLANG_ANALYZER_NONNULL = YES;
				CLANG_ANALYZER_NUMBER_OBJECT_CONVERSION = YES_AGGRESSIVE;
				CLANG_CXX_LANGUAGE_STANDARD = "gnu++14";
				CLANG_CXX_LIBRARY = "libc++";
				CLANG_ENABLE_MODULES = YES;
				CLANG_ENABLE_OBJC_ARC = YES;
				CLANG_ENABLE_OBJC_WEAK = YES;
				CLANG_WARN_BLOCK_CAPTURE_AUTORELEASING = YES;
				CLANG_WARN_BOOL_CONVERSION = YES;
				CLANG_WARN_COMMA = YES;
				CLANG_WARN_CONSTANT_CONVERSION = YES;
				CLANG_WARN_DEPRECATED_OBJC_IMPLEMENTATIONS = YES;
				CLANG_WARN_DIRECT_OBJC_ISA_USAGE = YES_ERROR;
				CLANG_WARN_DOCUMENTATION_COMMENTS = YES;
				CLANG_WARN_EMPTY_BODY = YES;
				CLANG_WARN_ENUM_CONVERSION = YES;
				CLANG_WARN_INFINITE_RECURSION = YES;
				CLANG_WARN_INT_CONVERSION = YES;
				CLANG_WARN_NON_LITERAL_NULL_CONVERSION = YES;
				CLANG_WARN_OBJC_IMPLICIT_RETAIN_SELF = YES;
				CLANG_WARN_OBJC_LITERAL_CONVERSION = YES;
				CLANG_WARN_OBJC_ROOT_CLASS = YES_ERROR;
				CLANG_WARN_RANGE_LOOP_ANALYSIS = YES;
				CLANG_WARN_STRICT_PROTOTYPES = YES;
				CLANG_WARN_SUSPICIOUS_MOVE = YES;
				CLANG_WARN_UNGUARDED_AVAILABILITY = YES_AGGRESSIVE;
				CLANG_WARN_UNREACHABLE_CODE = YES;
				CLANG_WARN__DUPLICATE_METHOD_MATCH = YES;
				COPY_PHASE_STRIP = NO;
				DEBUG_INFORMATION_FORMAT = dwarf;
				ENABLE_STRICT_OBJC_MSGSEND = YES;
				ENABLE_TESTABILITY = YES;
				GCC_C_LANGUAGE_STANDARD = gnu11;
				GCC_DYNAMIC_NO_PIC = NO;
				GCC_NO_COMMON_BLOCKS = YES;
				GCC_OPTIMIZATION_LEVEL = 0;
				GCC_PREPROCESSOR_DEFINITIONS = (
					"DEBUG=1",
					"$(inherited)",
				);
				GCC_WARN_64_TO_32_BIT_CONVERSION = YES;
				GCC_WARN_ABOUT_RETURN_TYPE = YES_ERROR;
				GCC_WARN_UNDECLARED_SELECTOR = YES;
				GCC_WARN_UNINITIALIZED_AUTOS = YES_AGGRESSIVE;
				GCC_WARN_UNUSED_FUNCTION = YES;
				GCC_WARN_UNUSED_VARIABLE = YES;
				IPHONEOS_DEPLOYMENT_TARGET = 13.5;
				MTL_ENABLE_DEBUG_INFO = INCLUDE_SOURCE;
				MTL_FAST_MATH = YES;
				ONLY_ACTIVE_ARCH = YES;
				SDKROOT = iphoneos;
			};
			name = Debug;
		};
		ADC98A392510CF4300564683 /* Release */ = {
			isa = XCBuildConfiguration;
			buildSettings = {
				ALWAYS_SEARCH_USER_PATHS = NO;
				CLANG_ANALYZER_NONNULL = YES;
				CLANG_ANALYZER_NUMBER_OBJECT_CONVERSION = YES_AGGRESSIVE;
				CLANG_CXX_LANGUAGE_STANDARD = "gnu++14";
				CLANG_CXX_LIBRARY = "libc++";
				CLANG_ENABLE_MODULES = YES;
				CLANG_ENABLE_OBJC_ARC = YES;
				CLANG_ENABLE_OBJC_WEAK = YES;
				CLANG_WARN_BLOCK_CAPTURE_AUTORELEASING = YES;
				CLANG_WARN_BOOL_CONVERSION = YES;
				CLANG_WARN_COMMA = YES;
				CLANG_WARN_CONSTANT_CONVERSION = YES;
				CLANG_WARN_DEPRECATED_OBJC_IMPLEMENTATIONS = YES;
				CLANG_WARN_DIRECT_OBJC_ISA_USAGE = YES_ERROR;
				CLANG_WARN_DOCUMENTATION_COMMENTS = YES;
				CLANG_WARN_EMPTY_BODY = YES;
				CLANG_WARN_ENUM_CONVERSION = YES;
				CLANG_WARN_INFINITE_RECURSION = YES;
				CLANG_WARN_INT_CONVERSION = YES;
				CLANG_WARN_NON_LITERAL_NULL_CONVERSION = YES;
				CLANG_WARN_OBJC_IMPLICIT_RETAIN_SELF = YES;
				CLANG_WARN_OBJC_LITERAL_CONVERSION = YES;
				CLANG_WARN_OBJC_ROOT_CLASS = YES_ERROR;
				CLANG_WARN_RANGE_LOOP_ANALYSIS = YES;
				CLANG_WARN_STRICT_PROTOTYPES = YES;
				CLANG_WARN_SUSPICIOUS_MOVE = YES;
				CLANG_WARN_UNGUARDED_AVAILABILITY = YES_AGGRESSIVE;
				CLANG_WARN_UNREACHABLE_CODE = YES;
				CLANG_WARN__DUPLICATE_METHOD_MATCH = YES;
				COPY_PHASE_STRIP = NO;
				DEBUG_INFORMATION_FORMAT = "dwarf-with-dsym";
				ENABLE_NS_ASSERTIONS = NO;
				ENABLE_STRICT_OBJC_MSGSEND = YES;
				GCC_C_LANGUAGE_STANDARD = gnu11;
				GCC_NO_COMMON_BLOCKS = YES;
				GCC_WARN_64_TO_32_BIT_CONVERSION = YES;
				GCC_WARN_ABOUT_RETURN_TYPE = YES_ERROR;
				GCC_WARN_UNDECLARED_SELECTOR = YES;
				GCC_WARN_UNINITIALIZED_AUTOS = YES_AGGRESSIVE;
				GCC_WARN_UNUSED_FUNCTION = YES;
				GCC_WARN_UNUSED_VARIABLE = YES;
				IPHONEOS_DEPLOYMENT_TARGET = 13.5;
				MTL_ENABLE_DEBUG_INFO = NO;
				MTL_FAST_MATH = YES;
				SDKROOT = iphoneos;
				VALIDATE_PRODUCT = YES;
			};
			name = Release;
		};
		ADC98A3B2510CF4300564683 /* Debug */ = {
			isa = XCBuildConfiguration;
			buildSettings = {
				ASSETCATALOG_COMPILER_APPICON_NAME = AppIcon;
				CODE_SIGN_STYLE = Automatic;
				INFOPLIST_FILE = AFParsing/Info.plist;
				LD_RUNPATH_SEARCH_PATHS = (
					"$(inherited)",
					"@executable_path/Frameworks",
				);
				PRODUCT_BUNDLE_IDENTIFIER = com.dahaoJiang..AFParsing;
				PRODUCT_NAME = "AFN源码绿化";
				TARGETED_DEVICE_FAMILY = "1,2";
			};
			name = Debug;
		};
		ADC98A3C2510CF4300564683 /* Release */ = {
			isa = XCBuildConfiguration;
			buildSettings = {
				ASSETCATALOG_COMPILER_APPICON_NAME = AppIcon;
				CODE_SIGN_STYLE = Automatic;
				INFOPLIST_FILE = AFParsing/Info.plist;
				LD_RUNPATH_SEARCH_PATHS = (
					"$(inherited)",
					"@executable_path/Frameworks",
				);
				PRODUCT_BUNDLE_IDENTIFIER = com.dahaoJiang..AFParsing;
				PRODUCT_NAME = "AFN源码绿化";
				TARGETED_DEVICE_FAMILY = "1,2";
			};
			name = Release;
		};
/* End XCBuildConfiguration section */

/* Begin XCConfigurationList section */
		ADC98A1C2510CF3F00564683 /* Build configuration list for PBXProject "AFParsing" */ = {
			isa = XCConfigurationList;
			buildConfigurations = (
				ADC98A382510CF4300564683 /* Debug */,
				ADC98A392510CF4300564683 /* Release */,
			);
			defaultConfigurationIsVisible = 0;
			defaultConfigurationName = Release;
		};
		ADC98A3A2510CF4300564683 /* Build configuration list for PBXNativeTarget "AFParsing" */ = {
			isa = XCConfigurationList;
			buildConfigurations = (
				ADC98A3B2510CF4300564683 /* Debug */,
				ADC98A3C2510CF4300564683 /* Release */,
			);
			defaultConfigurationIsVisible = 0;
			defaultConfigurationName = Release;
		};
/* End XCConfigurationList section */
	};
	rootObject = ADC98A192510CF3F00564683 /* Project object */;
}
